# This file is autogenerated, do not edit; changes may be undone by the next 'dep ensure'.


[[projects]]
  branch = "master"
  name = "github.com/johnmccabe/img2ansi"
  packages = [".","palette"]
  revision = "c5eaf32bb2e9b83a260a67d7eed71241f937dead"

[solve-meta]
  analyzer-name = "dep"
  analyzer-version = 1
  inputs-digest = "772668df5aab9e65aec60715fe8eaaf994e56c755593dfe4a43255119e24e60d"
  solver-name = "gps-cdcl"
  solver-version = 1
